
Microsoft Visual Studio Solution File, Format Version 12.00
# Visual Studio 16
Project("{FAE04EC0-301F-11D3-BF4B-00C04F79EFBC}") = "Assembly-CSharp", "Assembly-CSharp.csproj", "{CC244C94-61F7-4959-FAB1-02390DD8B767}"
EndProject
Project("{FAE04EC0-301F-11D3-BF4B-00C04F79EFBC}") = "Assembly-CSharp-Editor", "Assembly-CSharp-Editor.csproj", "{979B7DDD-E108-8DD2-13C7-A3A02D4E2C95}"
EndProject
Global
	GlobalSection(SolutionConfigurationPlatforms) = preSolution
		Debug|Any CPU = Debug|Any CPU
		Release|Any CPU = Release|Any CPU
	EndGlobalSection
	GlobalSection(ProjectConfigurationPlatforms) = postSolution
		{CC244C94-61F7-4959-FAB1-02390DD8B767}.Debug|Any CPU.ActiveCfg = Debug|Any CPU
		{CC244C94-61F7-4959-FAB1-02390DD8B767}.Debug|Any CPU.Build.0 = Debug|Any CPU
		{CC244C94-61F7-4959-FAB1-02390DD8B767}.Release|Any CPU.ActiveCfg = Release|Any CPU
		{CC244C94-61F7-4959-FAB1-02390DD8B767}.Release|Any CPU.Build.0 = Release|Any CPU
		{979B7DDD-E108-8DD2-13C7-A3A02D4E2C95}.Debug|Any CPU.ActiveCfg = Debug|Any CPU
		{979B7DDD-E108-8DD2-13C7-A3A02D4E2C95}.Debug|Any CPU.Build.0 = Debug|Any CPU
		{979B7DDD-E108-8DD2-13C7-A3A02D4E2C95}.Release|Any CPU.ActiveCfg = Release|Any CPU
		{979B7DDD-E108-8DD2-13C7-A3A02D4E2C95}.Release|Any CPU.Build.0 = Release|Any CPU
	EndGlobalSection
	GlobalSection(SolutionProperties) = preSolution
		HideSolutionNode = FALSE
	EndGlobalSection
EndGlobal
